PODS:
  - Alamofire (4.9.1)
  - IQKeyboardManagerSwift (6.5.2)

DEPENDENCIES:
  - Alamofire
  - IQKeyboardManagerSwift

SPEC REPOS:
  trunk:
    - Alamofire
    - IQKeyboardManagerSwift

SPEC CHECKSUMS:
  Alamofire: 85e8a02c69d6020a0d734f6054870d7ecb75cf18
  IQKeyboardManagerSwift: c75366f1f19590e8caeae45fcd5815c9289d6099

PODFILE CHECKSUM: a3a438d0bd5a15c4eed7ea7c94e44e9af1420463

COCOAPODS: 1.8.4
